
Microsoft Visual Studio Solution File, Format Version 12.00
# Visual Studio Version 16
VisualStudioVersion = 16.0.30309.148
MinimumVisualStudioVersion = 10.0.40219.1
Project("{FAE04EC0-301F-11D3-BF4B-00C04F79EFBC}") = "Demoproductos.Android", "Demoproductos.Android\Demoproductos.Android.csproj", "{0B3A9961-627C-4504-9379-BFEE853F0A09}"
EndProject
Project("{FAE04EC0-301F-11D3-BF4B-00C04F79EFBC}") = "Demoproductos.Web", "Demoproductos.Web\Demoproductos.Web.csproj", "{5F7C0AE1-DC1A-4CCA-A2DA-E51CEACAB7FD}"
EndProject
Project("{FAE04EC0-301F-11D3-BF4B-00C04F79EFBC}") = "Demoproductos", "Demoproductos\Demoproductos.csproj", "{047E8CCF-6971-4396-995C-AC29B10699E5}"
EndProject
Global
	GlobalSection(SolutionConfigurationPlatforms) = preSolution
		Debug|Any CPU = Debug|Any CPU
		Release|Any CPU = Release|Any CPU
	EndGlobalSection
	GlobalSection(ProjectConfigurationPlatforms) = postSolution
		{0B3A9961-627C-4504-9379-BFEE853F0A09}.Debug|Any CPU.ActiveCfg = Debug|Any CPU
		{0B3A9961-627C-4504-9379-BFEE853F0A09}.Debug|Any CPU.Build.0 = Debug|Any CPU
		{0B3A9961-627C-4504-9379-BFEE853F0A09}.Debug|Any CPU.Deploy.0 = Debug|Any CPU
		{0B3A9961-627C-4504-9379-BFEE853F0A09}.Release|Any CPU.ActiveCfg = Release|Any CPU
		{0B3A9961-627C-4504-9379-BFEE853F0A09}.Release|Any CPU.Build.0 = Release|Any CPU
		{0B3A9961-627C-4504-9379-BFEE853F0A09}.Release|Any CPU.Deploy.0 = Release|Any CPU
		{5F7C0AE1-DC1A-4CCA-A2DA-E51CEACAB7FD}.Debug|Any CPU.ActiveCfg = Debug|Any CPU
		{5F7C0AE1-DC1A-4CCA-A2DA-E51CEACAB7FD}.Debug|Any CPU.Build.0 = Debug|Any CPU
		{5F7C0AE1-DC1A-4CCA-A2DA-E51CEACAB7FD}.Debug|Any CPU.Deploy.0 = Debug|Any CPU
		{5F7C0AE1-DC1A-4CCA-A2DA-E51CEACAB7FD}.Release|Any CPU.ActiveCfg = Release|Any CPU
		{5F7C0AE1-DC1A-4CCA-A2DA-E51CEACAB7FD}.Release|Any CPU.Build.0 = Release|Any CPU
		{5F7C0AE1-DC1A-4CCA-A2DA-E51CEACAB7FD}.Release|Any CPU.Deploy.0 = Release|Any CPU
		{047E8CCF-6971-4396-995C-AC29B10699E5}.Debug|Any CPU.ActiveCfg = Debug|Any CPU
		{047E8CCF-6971-4396-995C-AC29B10699E5}.Debug|Any CPU.Build.0 = Debug|Any CPU
		{047E8CCF-6971-4396-995C-AC29B10699E5}.Debug|Any CPU.Deploy.0 = Debug|Any CPU
		{047E8CCF-6971-4396-995C-AC29B10699E5}.Release|Any CPU.ActiveCfg = Release|Any CPU
		{047E8CCF-6971-4396-995C-AC29B10699E5}.Release|Any CPU.Build.0 = Release|Any CPU
		{047E8CCF-6971-4396-995C-AC29B10699E5}.Release|Any CPU.Deploy.0 = Release|Any CPU
	EndGlobalSection
	GlobalSection(SolutionProperties) = preSolution
		HideSolutionNode = FALSE
	EndGlobalSection
	GlobalSection(ExtensibilityGlobals) = postSolution
		SolutionGuid = {4325B1C2-658E-4706-BD12-F9F70A5100CC}
	EndGlobalSection
EndGlobal
